{
  "name": "maJIStic Website",
  "lockfileVersion": 3,
  "requires": true,
  "packages": {
    "": {
      "dependencies": {
        "vercel-monorepo": "github:vercel/vercel"
      }
    },
    "node_modules/vercel-monorepo": {
      "version": "0.0.0",
      "resolved": "git+ssh://git@github.com/vercel/vercel.git#692851faf73ec3cf7f49a431fb47622fd7db71a1",
      "license": "Apache-2.0"
    }
  }
}
